// !$*UTF8*$!
{
	archiveVersion = 1;
	classes = {
	};
	objectVersion = 46;
	objects = {

/* Begin PBXBuildFile section */
		9E323BE217DD430500625C5C /* Foundation.framework in Frameworks */ = {isa = PBXBuildFile; fileRef = 9E323BE117DD430500625C5C /* Foundation.framework */; };
		9E323BE417DD430500625C5C /* CoreGraphics.framework in Frameworks */ = {isa = PBXBuildFile; fileRef = 9E323BE317DD430500625C5C /* CoreGraphics.framework */; };
		9E323BE617DD430500625C5C /* UIKit.framework in Frameworks */ = {isa = PBXBuildFile; fileRef = 9E323BE517DD430500625C5C /* UIKit.framework */; };
		9E323BEC17DD430500625C5C /* InfoPlist.strings in Resources */ = {isa = PBXBuildFile; fileRef = 9E323BEA17DD430500625C5C /* InfoPlist.strings */; };
		9E323BEE17DD430500625C5C /* main.m in Sources */ = {isa = PBXBuildFile; fileRef = 9E323BED17DD430500625C5C /* main.m */; };
		9E323BF217DD430500625C5C /* AppDelegate.m in Sources */ = {isa = PBXBuildFile; fileRef = 9E323BF117DD430500625C5C /* AppDelegate.m */; };
		9E323BF517DD430500625C5C /* Main.storyboard in Resources */ = {isa = PBXBuildFile; fileRef = 9E323BF317DD430500625C5C /* Main.storyboard */; };
		9E323BF817DD430500625C5C /* ViewController.m in Sources */ = {isa = PBXBuildFile; fileRef = 9E323BF717DD430500625C5C /* ViewController.m */; };
		9E323BFA17DD430600625C5C /* Images.xcassets in Resources */ = {isa = PBXBuildFile; fileRef = 9E323BF917DD430500625C5C /* Images.xcassets */; };
		9E323C0117DD430600625C5C /* XCTest.framework in Frameworks */ = {isa = PBXBuildFile; fileRef = 9E323C0017DD430600625C5C /* XCTest.framework */; };
		9E323C0217DD430600625C5C /* Foundation.framework in Frameworks */ = {isa = PBXBuildFile; fileRef = 9E323BE117DD430500625C5C /* Foundation.framework */; };
		9E323C0317DD430600625C5C /* UIKit.framework in Frameworks */ = {isa = PBXBuildFile; fileRef = 9E323BE517DD430500625C5C /* UIKit.framework */; };
		9E323C0B17DD430600625C5C /* InfoPlist.strings in Resources */ = {isa = PBXBuildFile; fileRef = 9E323C0917DD430600625C5C /* InfoPlist.strings */; };
		9E323C0D17DD430600625C5C /* CabreraAsg1Tests.m in Sources */ = {isa = PBXBuildFile; fileRef = 9E323C0C17DD430600625C5C /* CabreraAsg1Tests.m */; };
		9E8BAFD317E9276F00AFC078 /* BMICalculator.m in Sources */ = {isa = PBXBuildFile; fileRef = 9E8BAFD217E9276F00AFC078 /* BMICalculator.m */; };
/* End PBXBuildFile section */

/* Begin PBXContainerItemProxy section */
		9E323C0417DD430600625C5C /* PBXContainerItemProxy */ = {
			isa = PBXContainerItemProxy;
			containerPortal = 9E323BD617DD430500625C5C /* Project object */;
			proxyType = 1;
			remoteGlobalIDString = 9E323BDD17DD430500625C5C;
			remoteInfo = CabreraAsg1;
		};
/* End PBXContainerItemProxy section */

/* Begin PBXFileReference section */
		9E323BDE17DD430500625C5C /* BMI.app */ = {isa = PBXFileReference; explicitFileType = wrapper.application; includeInIndex = 0; path = BMI.app; sourceTree = BUILT_PRODUCTS_DIR; };
		9E323BE117DD430500625C5C /* Foundation.framework */ = {isa = PBXFileReference; lastKnownFileType = wrapper.framework; name = Foundation.framework; path = System/Library/Frameworks/Foundation.framework; sourceTree = SDKROOT; };
		9E323BE317DD430500625C5C /* CoreGraphics.framework */ = {isa = PBXFileReference; lastKnownFileType = wrapper.framework; name = CoreGraphics.framework; path = System/Library/Frameworks/CoreGraphics.framework; sourceTree = SDKROOT; };
		9E323BE517DD430500625C5C /* UIKit.framework */ = {isa = PBXFileReference; lastKnownFileType = wrapper.framework; name = UIKit.framework; path = System/Library/Frameworks/UIKit.framework; sourceTree = SDKROOT; };
		9E323BE917DD430500625C5C /* BMI-Info.plist */ = {isa = PBXFileReference; lastKnownFileType = text.plist.xml; path = "BMI-Info.plist"; sourceTree = "<group>"; };
		9E323BEB17DD430500625C5C /* en */ = {isa = PBXFileReference; lastKnownFileType = text.plist.strings; name = en; path = en.lproj/InfoPlist.strings; sourceTree = "<group>"; };
		9E323BED17DD430500625C5C /* main.m */ = {isa = PBXFileReference; lastKnownFileType = sourcecode.c.objc; path = main.m; sourceTree = "<group>"; };
		9E323BEF17DD430500625C5C /* BMI-Prefix.pch */ = {isa = PBXFileReference; lastKnownFileType = sourcecode.c.h; path = "BMI-Prefix.pch"; sourceTree = "<group>"; };
		9E323BF017DD430500625C5C /* AppDelegate.h */ = {isa = PBXFileReference; lastKnownFileType = sourcecode.c.h; path = AppDelegate.h; sourceTree = "<group>"; };
		9E323BF117DD430500625C5C /* AppDelegate.m */ = {isa = PBXFileReference; lastKnownFileType = sourcecode.c.objc; path = AppDelegate.m; sourceTree = "<group>"; };
		9E323BF417DD430500625C5C /* Base */ = {isa = PBXFileReference; lastKnownFileType = file.storyboard; name = Base; path = Base.lproj/Main.storyboard; sourceTree = "<group>"; };
		9E323BF617DD430500625C5C /* ViewController.h */ = {isa = PBXFileReference; lastKnownFileType = sourcecode.c.h; path = ViewController.h; sourceTree = "<group>"; };
		9E323BF717DD430500625C5C /* ViewController.m */ = {isa = PBXFileReference; lastKnownFileType = sourcecode.c.objc; path = ViewController.m; sourceTree = "<group>"; };
		9E323BF917DD430500625C5C /* Images.xcassets */ = {isa = PBXFileReference; lastKnownFileType = folder.assetcatalog; path = Images.xcassets; sourceTree = "<group>"; };
		9E323BFF17DD430600625C5C /* BMITests.xctest */ = {isa = PBXFileReference; explicitFileType = wrapper.cfbundle; includeInIndex = 0; path = BMITests.xctest; sourceTree = BUILT_PRODUCTS_DIR; };
		9E323C0017DD430600625C5C /* XCTest.framework */ = {isa = PBXFileReference; lastKnownFileType = wrapper.framework; name = XCTest.framework; path = Library/Frameworks/XCTest.framework; sourceTree = DEVELOPER_DIR; };
		9E323C0817DD430600625C5C /* BMITests-Info.plist */ = {isa = PBXFileReference; lastKnownFileType = text.plist.xml; path = "BMITests-Info.plist"; sourceTree = "<group>"; };
		9E323C0A17DD430600625C5C /* en */ = {isa = PBXFileReference; lastKnownFileType = text.plist.strings; name = en; path = en.lproj/InfoPlist.strings; sourceTree = "<group>"; };
		9E323C0C17DD430600625C5C /* CabreraAsg1Tests.m */ = {isa = PBXFileReference; lastKnownFileType = sourcecode.c.objc; path = CabreraAsg1Tests.m; sourceTree = "<group>"; };
		9E8BAFD117E9276F00AFC078 /* BMICalculator.h */ = {isa = PBXFileReference; fileEncoding = 4; lastKnownFileType = sourcecode.c.h; path = BMICalculator.h; sourceTree = "<group>"; };
		9E8BAFD217E9276F00AFC078 /* BMICalculator.m */ = {isa = PBXFileReference; fileEncoding = 4; lastKnownFileType = sourcecode.c.objc; path = BMICalculator.m; sourceTree = "<group>"; };
/* End PBXFileReference section */

/* Begin PBXFrameworksBuildPhase section */
		9E323BDB17DD430500625C5C /* Frameworks */ = {
			isa = PBXFrameworksBuildPhase;
			buildActionMask = 2147483647;
			files = (
				9E323BE417DD430500625C5C /* CoreGraphics.framework in Frameworks */,
				9E323BE617DD430500625C5C /* UIKit.framework in Frameworks */,
				9E323BE217DD430500625C5C /* Foundation.framework in Frameworks */,
			);
			runOnlyForDeploymentPostprocessing = 0;
		};
		9E323BFC17DD430600625C5C /* Frameworks */ = {
			isa = PBXFrameworksBuildPhase;
			buildActionMask = 2147483647;
			files = (
				9E323C0117DD430600625C5C /* XCTest.framework in Frameworks */,
				9E323C0317DD430600625C5C /* UIKit.framework in Frameworks */,
				9E323C0217DD430600625C5C /* Foundation.framework in Frameworks */,
			);
			runOnlyForDeploymentPostprocessing = 0;
		};
/* End PBXFrameworksBuildPhase section */

/* Begin PBXGroup section */
		9E323BD517DD430500625C5C = {
			isa = PBXGroup;
			children = (
				9E323BE717DD430500625C5C /* CabreraAsg1 */,
				9E323C0617DD430600625C5C /* CabreraAsg1Tests */,
				9E323BE017DD430500625C5C /* Frameworks */,
				9E323BDF17DD430500625C5C /* Products */,
			);
			sourceTree = "<group>";
		};
		9E323BDF17DD430500625C5C /* Products */ = {
			isa = PBXGroup;
			children = (
				9E323BDE17DD430500625C5C /* BMI.app */,
				9E323BFF17DD430600625C5C /* BMITests.xctest */,
			);
			name = Products;
			sourceTree = "<group>";
		};
		9E323BE017DD430500625C5C /* Frameworks */ = {
			isa = PBXGroup;
			children = (
				9E323BE117DD430500625C5C /* Foundation.framework */,
				9E323BE317DD430500625C5C /* CoreGraphics.framework */,
				9E323BE517DD430500625C5C /* UIKit.framework */,
				9E323C0017DD430600625C5C /* XCTest.framework */,
			);
			name = Frameworks;
			sourceTree = "<group>";
		};
		9E323BE717DD430500625C5C /* CabreraAsg1 */ = {
			isa = PBXGroup;
			children = (
				9E323BF017DD430500625C5C /* AppDelegate.h */,
				9E323BF117DD430500625C5C /* AppDelegate.m */,
				9E323BF317DD430500625C5C /* Main.storyboard */,
				9E323BF617DD430500625C5C /* ViewController.h */,
				9E323BF717DD430500625C5C /* ViewController.m */,
				9E8BAFD117E9276F00AFC078 /* BMICalculator.h */,
				9E8BAFD217E9276F00AFC078 /* BMICalculator.m */,
				9E323BF917DD430500625C5C /* Images.xcassets */,
				9E323BE817DD430500625C5C /* Supporting Files */,
			);
			path = CabreraAsg1;
			sourceTree = "<group>";
		};
		9E323BE817DD430500625C5C /* Supporting Files */ = {
			isa = PBXGroup;
			children = (
				9E323BE917DD430500625C5C /* BMI-Info.plist */,
				9E323BEA17DD430500625C5C /* InfoPlist.strings */,
				9E323BED17DD430500625C5C /* main.m */,
				9E323BEF17DD430500625C5C /* BMI-Prefix.pch */,
			);
			name = "Supporting Files";
			sourceTree = "<group>";
		};
		9E323C0617DD430600625C5C /* CabreraAsg1Tests */ = {
			isa = PBXGroup;
			children = (
				9E323C0C17DD430600625C5C /* CabreraAsg1Tests.m */,
				9E323C0717DD430600625C5C /* Supporting Files */,
			);
			path = CabreraAsg1Tests;
			sourceTree = "<group>";
		};
		9E323C0717DD430600625C5C /* Supporting Files */ = {
			isa = PBXGroup;
			children = (
				9E323C0817DD430600625C5C /* BMITests-Info.plist */,
				9E323C0917DD430600625C5C /* InfoPlist.strings */,
			);
			name = "Supporting Files";
			sourceTree = "<group>";
		};
/* End PBXGroup section */

/* Begin PBXNativeTarget section */
		9E323BDD17DD430500625C5C /* BMI */ = {
			isa = PBXNativeTarget;
			buildConfigurationList = 9E323C1017DD430600625C5C /* Build configuration list for PBXNativeTarget "BMI" */;
			buildPhases = (
				9E323BDA17DD430500625C5C /* Sources */,
				9E323BDB17DD430500625C5C /* Frameworks */,
				9E323BDC17DD430500625C5C /* Resources */,
			);
			buildRules = (
			);
			dependencies = (
			);
			name = BMI;
			productName = CabreraAsg1;
			productReference = 9E323BDE17DD430500625C5C /* BMI.app */;
			productType = "com.apple.product-type.application";
		};
		9E323BFE17DD430600625C5C /* BMITests */ = {
			isa = PBXNativeTarget;
			buildConfigurationList = 9E323C1317DD430600625C5C /* Build configuration list for PBXNativeTarget "BMITests" */;
			buildPhases = (
				9E323BFB17DD430600625C5C /* Sources */,
				9E323BFC17DD430600625C5C /* Frameworks */,
				9E323BFD17DD430600625C5C /* Resources */,
			);
			buildRules = (
			);
			dependencies = (
				9E323C0517DD430600625C5C /* PBXTargetDependency */,
			);
			name = BMITests;
			productName = CabreraAsg1Tests;
			productReference = 9E323BFF17DD430600625C5C /* BMITests.xctest */;
			productType = "com.apple.product-type.bundle.unit-test";
		};
/* End PBXNativeTarget section */

/* Begin PBXProject section */
		9E323BD617DD430500625C5C /* Project object */ = {
			isa = PBXProject;
			attributes = {
				LastUpgradeCheck = 0500;
				ORGANIZATIONNAME = "David Cabrera";
				TargetAttributes = {
					9E323BDD17DD430500625C5C = {
						DevelopmentTeam = 366LY4GNXP;
					};
					9E323BFE17DD430600625C5C = {
						TestTargetID = 9E323BDD17DD430500625C5C;
					};
				};
			};
			buildConfigurationList = 9E323BD917DD430500625C5C /* Build configuration list for PBXProject "BMI" */;
			compatibilityVersion = "Xcode 3.2";
			developmentRegion = English;
			hasScannedForEncodings = 0;
			knownRegions = (
				en,
				Base,
			);
			mainGroup = 9E323BD517DD430500625C5C;
			productRefGroup = 9E323BDF17DD430500625C5C /* Products */;
			projectDirPath = "";
			projectRoot = "";
			targets = (
				9E323BDD17DD430500625C5C /* BMI */,
				9E323BFE17DD430600625C5C /* BMITests */,
			);
		};
/* End PBXProject section */

/* Begin PBXResourcesBuildPhase section */
		9E323BDC17DD430500625C5C /* Resources */ = {
			isa = PBXResourcesBuildPhase;
			buildActionMask = 2147483647;
			files = (
				9E323BFA17DD430600625C5C /* Images.xcassets in Resources */,
				9E323BEC17DD430500625C5C /* InfoPlist.strings in Resources */,
				9E323BF517DD430500625C5C /* Main.storyboard in Resources */,
			);
			runOnlyForDeploymentPostprocessing = 0;
		};
		9E323BFD17DD430600625C5C /* Resources */ = {
			isa = PBXResourcesBuildPhase;
			buildActionMask = 2147483647;
			files = (
				9E323C0B17DD430600625C5C /* InfoPlist.strings in Resources */,
			);
			runOnlyForDeploymentPostprocessing = 0;
		};
/* End PBXResourcesBuildPhase section */

/* Begin PBXSourcesBuildPhase section */
		9E323BDA17DD430500625C5C /* Sources */ = {
			isa = PBXSourcesBuildPhase;
			buildActionMask = 2147483647;
			files = (
				9E8BAFD317E9276F00AFC078 /* BMICalculator.m in Sources */,
				9E323BF817DD430500625C5C /* ViewController.m in Sources */,
				9E323BF217DD430500625C5C /* AppDelegate.m in Sources */,
				9E323BEE17DD430500625C5C /* main.m in Sources */,
			);
			runOnlyForDeploymentPostprocessing = 0;
		};
		9E323BFB17DD430600625C5C /* Sources */ = {
			isa = PBXSourcesBuildPhase;
			buildActionMask = 2147483647;
			files = (
				9E323C0D17DD430600625C5C /* CabreraAsg1Tests.m in Sources */,
			);
			runOnlyForDeploymentPostprocessing = 0;
		};
/* End PBXSourcesBuildPhase section */

/* Begin PBXTargetDependency section */
		9E323C0517DD430600625C5C /* PBXTargetDependency */ = {
			isa = PBXTargetDependency;
			target = 9E323BDD17DD430500625C5C /* BMI */;
			targetProxy = 9E323C0417DD430600625C5C /* PBXContainerItemProxy */;
		};
/* End PBXTargetDependency section */

/* Begin PBXVariantGroup section */
		9E323BEA17DD430500625C5C /* InfoPlist.strings */ = {
			isa = PBXVariantGroup;
			children = (
				9E323BEB17DD430500625C5C /* en */,
			);
			name = InfoPlist.strings;
			sourceTree = "<group>";
		};
		9E323BF317DD430500625C5C /* Main.storyboard */ = {
			isa = PBXVariantGroup;
			children = (
				9E323BF417DD430500625C5C /* Base */,
			);
			name = Main.storyboard;
			sourceTree = "<group>";
		};
		9E323C0917DD430600625C5C /* InfoPlist.strings */ = {
			isa = PBXVariantGroup;
			children = (
				9E323C0A17DD430600625C5C /* en */,
			);
			name = InfoPlist.strings;
			sourceTree = "<group>";
		};
/* End PBXVariantGroup section */

/* Begin XCBuildConfiguration section */
		9E323C0E17DD430600625C5C /* Debug */ = {
			isa = XCBuildConfiguration;
			buildSettings = {
				ALWAYS_SEARCH_USER_PATHS = NO;
				CLANG_CXX_LANGUAGE_STANDARD = "gnu++0x";
				CLANG_CXX_LIBRARY = "libc++";
				CLANG_ENABLE_MODULES = YES;
				CLANG_ENABLE_OBJC_ARC = YES;
				CLANG_WARN_BOOL_CONVERSION = YES;
				CLANG_WARN_CONSTANT_CONVERSION = YES;
				CLANG_WARN_DIRECT_OBJC_ISA_USAGE = YES_ERROR;
				CLANG_WARN_EMPTY_BODY = YES;
				CLANG_WARN_ENUM_CONVERSION = YES;
				CLANG_WARN_INT_CONVERSION = YES;
				CLANG_WARN_OBJC_ROOT_CLASS = YES_ERROR;
				CLANG_WARN__DUPLICATE_METHOD_MATCH = YES;
				"CODE_SIGN_IDENTITY[sdk=iphoneos*]" = "iPhone Developer";
				COPY_PHASE_STRIP = NO;
				GCC_C_LANGUAGE_STANDARD = gnu99;
				GCC_DYNAMIC_NO_PIC = NO;
				GCC_OPTIMIZATION_LEVEL = 0;
				GCC_PREPROCESSOR_DEFINITIONS = (
					"DEBUG=1",
					"$(inherited)",
				);
				GCC_SYMBOLS_PRIVATE_EXTERN = NO;
				GCC_WARN_ABOUT_RETURN_TYPE = YES_ERROR;
				GCC_WARN_UNDECLARED_SELECTOR = YES;
				GCC_WARN_UNINITIALIZED_AUTOS = YES;
				GCC_WARN_UNUSED_FUNCTION = YES;
				GCC_WARN_UNUSED_VARIABLE = YES;
				IPHONEOS_DEPLOYMENT_TARGET = 7.0;
				ONLY_ACTIVE_ARCH = YES;
				SDKROOT = iphoneos;
			};
			name = Debug;
		};
		9E323C0F17DD430600625C5C /* Release */ = {
			isa = XCBuildConfiguration;
			buildSettings = {
				ALWAYS_SEARCH_USER_PATHS = NO;
				CLANG_CXX_LANGUAGE_STANDARD = "gnu++0x";
				CLANG_CXX_LIBRARY = "libc++";
				CLANG_ENABLE_MODULES = YES;
				CLANG_ENABLE_OBJC_ARC = YES;
				CLANG_WARN_BOOL_CONVERSION = YES;
				CLANG_WARN_CONSTANT_CONVERSION = YES;
				CLANG_WARN_DIRECT_OBJC_ISA_USAGE = YES_ERROR;
				CLANG_WARN_EMPTY_BODY = YES;
				CLANG_WARN_ENUM_CONVERSION = YES;
				CLANG_WARN_INT_CONVERSION = YES;
				CLANG_WARN_OBJC_ROOT_CLASS = YES_ERROR;
				CLANG_WARN__DUPLICATE_METHOD_MATCH = YES;
				"CODE_SIGN_IDENTITY[sdk=iphoneos*]" = "iPhone Developer";
				COPY_PHASE_STRIP = YES;
				ENABLE_NS_ASSERTIONS = NO;
				GCC_C_LANGUAGE_STANDARD = gnu99;
				GCC_WARN_ABOUT_RETURN_TYPE = YES_ERROR;
				GCC_WARN_UNDECLARED_SELECTOR = YES;
				GCC_WARN_UNINITIALIZED_AUTOS = YES;
				GCC_WARN_UNUSED_FUNCTION = YES;
				GCC_WARN_UNUSED_VARIABLE = YES;
				IPHONEOS_DEPLOYMENT_TARGET = 7.0;
				SDKROOT = iphoneos;
				VALIDATE_PRODUCT = YES;
			};
			name = Release;
		};
		9E323C1117DD430600625C5C /* Debug */ = {
			isa = XCBuildConfiguration;
			buildSettings = {
				ASSETCATALOG_COMPILER_APPICON_NAME = AppIcon;
				ASSETCATALOG_COMPILER_LAUNCHIMAGE_NAME = LaunchImage;
				CODE_SIGN_IDENTITY = "iPhone Developer";
				"CODE_SIGN_IDENTITY[sdk=iphoneos*]" = "iPhone Developer";
				GCC_PRECOMPILE_PREFIX_HEADER = YES;
				GCC_PREFIX_HEADER = "CabreraAsg1/BMI-Prefix.pch";
				INFOPLIST_FILE = "CabreraAsg1/BMI-Info.plist";
				PRODUCT_NAME = BMI;
				PROVISIONING_PROFILE = "";
				WRAPPER_EXTENSION = app;
			};
			name = Debug;
		};
		9E323C1217DD430600625C5C /* Release */ = {
			isa = XCBuildConfiguration;
			buildSettings = {
				ASSETCATALOG_COMPILER_APPICON_NAME = AppIcon;
				ASSETCATALOG_COMPILER_LAUNCHIMAGE_NAME = LaunchImage;
				CODE_SIGN_IDENTITY = "iPhone Developer";
				"CODE_SIGN_IDENTITY[sdk=iphoneos*]" = "iPhone Developer";
				GCC_PRECOMPILE_PREFIX_HEADER = YES;
				GCC_PREFIX_HEADER = "CabreraAsg1/BMI-Prefix.pch";
				INFOPLIST_FILE = "CabreraAsg1/BMI-Info.plist";
				PRODUCT_NAME = BMI;
				PROVISIONING_PROFILE = "";
				WRAPPER_EXTENSION = app;
			};
			name = Release;
		};
		9E323C1417DD430600625C5C /* Debug */ = {
			isa = XCBuildConfiguration;
			buildSettings = {
				BUNDLE_LOADER = "$(BUILT_PRODUCTS_DIR)/CabreraAsg1.app/CabreraAsg1";
				FRAMEWORK_SEARCH_PATHS = (
					"$(SDKROOT)/Developer/Library/Frameworks",
					"$(inherited)",
					"$(DEVELOPER_FRAMEWORKS_DIR)",
				);
				GCC_PRECOMPILE_PREFIX_HEADER = YES;
				GCC_PREFIX_HEADER = "CabreraAsg1/CabreraAsg1-Prefix.pch";
				GCC_PREPROCESSOR_DEFINITIONS = (
					"DEBUG=1",
					"$(inherited)",
				);
				INFOPLIST_FILE = "CabreraAsg1Tests/BMITests-Info.plist";
				PRODUCT_NAME = BMITests;
				TEST_HOST = "$(BUNDLE_LOADER)";
				WRAPPER_EXTENSION = xctest;
			};
			name = Debug;
		};
		9E323C1517DD430600625C5C /* Release */ = {
			isa = XCBuildConfiguration;
			buildSettings = {
				BUNDLE_LOADER = "$(BUILT_PRODUCTS_DIR)/CabreraAsg1.app/CabreraAsg1";
				FRAMEWORK_SEARCH_PATHS = (
					"$(SDKROOT)/Developer/Library/Frameworks",
					"$(inherited)",
					"$(DEVELOPER_FRAMEWORKS_DIR)",
				);
				GCC_PRECOMPILE_PREFIX_HEADER = YES;
				GCC_PREFIX_HEADER = "CabreraAsg1/CabreraAsg1-Prefix.pch";
				INFOPLIST_FILE = "CabreraAsg1Tests/BMITests-Info.plist";
				PRODUCT_NAME = BMITests;
				TEST_HOST = "$(BUNDLE_LOADER)";
				WRAPPER_EXTENSION = xctest;
			};
			name = Release;
		};
/* End XCBuildConfiguration section */

/* Begin XCConfigurationList section */
		9E323BD917DD430500625C5C /* Build configuration list for PBXProject "BMI" */ = {
			isa = XCConfigurationList;
			buildConfigurations = (
				9E323C0E17DD430600625C5C /* Debug */,
				9E323C0F17DD430600625C5C /* Release */,
			);
			defaultConfigurationIsVisible = 0;
			defaultConfigurationName = Release;
		};
		9E323C1017DD430600625C5C /* Build configuration list for PBXNativeTarget "BMI" */ = {
			isa = XCConfigurationList;
			buildConfigurations = (
				9E323C1117DD430600625C5C /* Debug */,
				9E323C1217DD430600625C5C /* Release */,
			);
			defaultConfigurationIsVisible = 0;
			defaultConfigurationName = Release;
		};
		9E323C1317DD430600625C5C /* Build configuration list for PBXNativeTarget "BMITests" */ = {
			isa = XCConfigurationList;
			buildConfigurations = (
				9E323C1417DD430600625C5C /* Debug */,
				9E323C1517DD430600625C5C /* Release */,
			);
			defaultConfigurationIsVisible = 0;
			defaultConfigurationName = Release;
		};
/* End XCConfigurationList section */
	};
	rootObject = 9E323BD617DD430500625C5C /* Project object */;
}
